
Microsoft Visual Studio Solution File, Format Version 12.00
Project("{FAE04EC0-301F-11D3-BF4B-00C04F79EFBC}") = "EMatrix", "EMatrix.csproj", "{A6F60367-1A0B-4F45-B7C1-EBB71AB36792}"
EndProject
Project("{2150E333-8FDC-42A3-9474-1A3956D46DE8}") = "EMatrix.Web", "EMatrix.Web", "{5DA5B4E7-1A89-4DAC-9ABA-1ED0A0B169B4}"
EndProject
Project("{FAE04EC0-301F-11D3-BF4B-00C04F79EFBC}") = "EMatrix.ViewModels", "EMatrix.ViewModels\EMatrix.ViewModels.csproj", "{0E64306B-F0FD-47A2-8A57-4BA83A28525E}"
EndProject
Project("{2150E333-8FDC-42A3-9474-1A3956D46DE8}") = "EMatrix.Common", "EMatrix.Common", "{316C9163-3C17-4C72-AF2C-15E8A5DCE079}"
EndProject
Project("{2150E333-8FDC-42A3-9474-1A3956D46DE8}") = "EMatrix.Data", "EMatrix.Data", "{5F45E052-D70A-4C54-AE50-170F64578243}"
EndProject
Project("{2150E333-8FDC-42A3-9474-1A3956D46DE8}") = "EMatrix.Services", "EMatrix.Services", "{60C9883E-0553-405B-B062-EF2D9ADF948D}"
EndProject
Project("{2150E333-8FDC-42A3-9474-1A3956D46DE8}") = "EMatrix.Tests", "EMatrix.Tests", "{1FD076FC-FD56-4ABA-BC5F-7C2558707D42}"
EndProject
Project("{FAE04EC0-301F-11D3-BF4B-00C04F79EFBC}") = "EMatrix.Database", "EMatrix.Database\EMatrix.Database.csproj", "{10D44D13-ED4B-47DE-8169-B0568655C3FE}"
EndProject
Project("{FAE04EC0-301F-11D3-BF4B-00C04F79EFBC}") = "EMatrix.DataModels", "EMatrix.DataModels\EMatrix.DataModels.csproj", "{CEB456C2-5797-4ECA-A878-EA6237099A37}"
EndProject
Project("{FAE04EC0-301F-11D3-BF4B-00C04F79EFBC}") = "EMatrix.DatabaseServices", "EMatrix.DatabaseServices\EMatrix.DatabaseServices.csproj", "{DD0B1AF7-C454-44D2-B530-3BAAA08F9278}"
EndProject
Project("{FAE04EC0-301F-11D3-BF4B-00C04F79EFBC}") = "EMatrix.Constants", "EMatrix.Constants\EMatrix.Constants.csproj", "{984A3A67-06FD-40DB-A94D-534E1B64EBC9}"
EndProject
Global
	GlobalSection(SolutionConfigurationPlatforms) = preSolution
		Debug|Any CPU = Debug|Any CPU
		Release|Any CPU = Release|Any CPU
	EndGlobalSection
	GlobalSection(ProjectConfigurationPlatforms) = postSolution
		{A6F60367-1A0B-4F45-B7C1-EBB71AB36792}.Debug|Any CPU.ActiveCfg = Debug|Any CPU
		{A6F60367-1A0B-4F45-B7C1-EBB71AB36792}.Debug|Any CPU.Build.0 = Debug|Any CPU
		{A6F60367-1A0B-4F45-B7C1-EBB71AB36792}.Release|Any CPU.ActiveCfg = Release|Any CPU
		{A6F60367-1A0B-4F45-B7C1-EBB71AB36792}.Release|Any CPU.Build.0 = Release|Any CPU
		{0E64306B-F0FD-47A2-8A57-4BA83A28525E}.Debug|Any CPU.ActiveCfg = Debug|Any CPU
		{0E64306B-F0FD-47A2-8A57-4BA83A28525E}.Debug|Any CPU.Build.0 = Debug|Any CPU
		{0E64306B-F0FD-47A2-8A57-4BA83A28525E}.Release|Any CPU.ActiveCfg = Release|Any CPU
		{0E64306B-F0FD-47A2-8A57-4BA83A28525E}.Release|Any CPU.Build.0 = Release|Any CPU
		{10D44D13-ED4B-47DE-8169-B0568655C3FE}.Debug|Any CPU.ActiveCfg = Debug|Any CPU
		{10D44D13-ED4B-47DE-8169-B0568655C3FE}.Debug|Any CPU.Build.0 = Debug|Any CPU
		{10D44D13-ED4B-47DE-8169-B0568655C3FE}.Release|Any CPU.ActiveCfg = Release|Any CPU
		{10D44D13-ED4B-47DE-8169-B0568655C3FE}.Release|Any CPU.Build.0 = Release|Any CPU
		{CEB456C2-5797-4ECA-A878-EA6237099A37}.Debug|Any CPU.ActiveCfg = Debug|Any CPU
		{CEB456C2-5797-4ECA-A878-EA6237099A37}.Debug|Any CPU.Build.0 = Debug|Any CPU
		{CEB456C2-5797-4ECA-A878-EA6237099A37}.Release|Any CPU.ActiveCfg = Release|Any CPU
		{CEB456C2-5797-4ECA-A878-EA6237099A37}.Release|Any CPU.Build.0 = Release|Any CPU
		{DD0B1AF7-C454-44D2-B530-3BAAA08F9278}.Debug|Any CPU.ActiveCfg = Debug|Any CPU
		{DD0B1AF7-C454-44D2-B530-3BAAA08F9278}.Debug|Any CPU.Build.0 = Debug|Any CPU
		{DD0B1AF7-C454-44D2-B530-3BAAA08F9278}.Release|Any CPU.ActiveCfg = Release|Any CPU
		{DD0B1AF7-C454-44D2-B530-3BAAA08F9278}.Release|Any CPU.Build.0 = Release|Any CPU
		{984A3A67-06FD-40DB-A94D-534E1B64EBC9}.Debug|Any CPU.ActiveCfg = Debug|Any CPU
		{984A3A67-06FD-40DB-A94D-534E1B64EBC9}.Debug|Any CPU.Build.0 = Debug|Any CPU
		{984A3A67-06FD-40DB-A94D-534E1B64EBC9}.Release|Any CPU.ActiveCfg = Release|Any CPU
		{984A3A67-06FD-40DB-A94D-534E1B64EBC9}.Release|Any CPU.Build.0 = Release|Any CPU
	EndGlobalSection
	GlobalSection(NestedProjects) = preSolution
		{A6F60367-1A0B-4F45-B7C1-EBB71AB36792} = {5DA5B4E7-1A89-4DAC-9ABA-1ED0A0B169B4}
		{0E64306B-F0FD-47A2-8A57-4BA83A28525E} = {5DA5B4E7-1A89-4DAC-9ABA-1ED0A0B169B4}
		{10D44D13-ED4B-47DE-8169-B0568655C3FE} = {5F45E052-D70A-4C54-AE50-170F64578243}
		{CEB456C2-5797-4ECA-A878-EA6237099A37} = {5F45E052-D70A-4C54-AE50-170F64578243}
		{DD0B1AF7-C454-44D2-B530-3BAAA08F9278} = {60C9883E-0553-405B-B062-EF2D9ADF948D}
		{984A3A67-06FD-40DB-A94D-534E1B64EBC9} = {316C9163-3C17-4C72-AF2C-15E8A5DCE079}
	EndGlobalSection
EndGlobal
